
Microsoft Visual Studio Solution File, Format Version 12.00
# Visual Studio Version 17
VisualStudioVersion = 17.11.35208.52
MinimumVisualStudioVersion = 10.0.40219.1
Project("{FAE04EC0-301F-11D3-BF4B-00C04F79EFBC}") = "Task4", "Assignment4\Task4\Task4.csproj", "{7D89D72E-6DBC-45C6-B9FB-F8E928DC77B8}"
EndProject
Global
	GlobalSection(SolutionConfigurationPlatforms) = preSolution
		Debug|Any CPU = Debug|Any CPU
		Release|Any CPU = Release|Any CPU
	EndGlobalSection
	GlobalSection(ProjectConfigurationPlatforms) = postSolution
		{7D89D72E-6DBC-45C6-B9FB-F8E928DC77B8}.Debug|Any CPU.ActiveCfg = Debug|Any CPU
		{7D89D72E-6DBC-45C6-B9FB-F8E928DC77B8}.Debug|Any CPU.Build.0 = Debug|Any CPU
		{7D89D72E-6DBC-45C6-B9FB-F8E928DC77B8}.Release|Any CPU.ActiveCfg = Release|Any CPU
		{7D89D72E-6DBC-45C6-B9FB-F8E928DC77B8}.Release|Any CPU.Build.0 = Release|Any CPU
	EndGlobalSection
	GlobalSection(SolutionProperties) = preSolution
		HideSolutionNode = FALSE
	EndGlobalSection
	GlobalSection(ExtensibilityGlobals) = postSolution
		SolutionGuid = {129FE4B1-8906-4574-BD89-E7A54A1D81B6}
	EndGlobalSection
EndGlobal
